
Microsoft Visual Studio Solution File, Format Version 12.00
# Visual Studio 2012
Project("{FAE04EC0-301F-11D3-BF4B-00C04F79EFBC}") = "Lister", "Lister\Lister.csproj", "{EC47AED5-0FA2-4E0C-AA1C-DAE29AF19727}"
EndProject
Global
	GlobalSection(SolutionConfigurationPlatforms) = preSolution
		Debug|iPhoneSimulator = Debug|iPhoneSimulator
		Release|iPhoneSimulator = Release|iPhoneSimulator
		Debug|iPhone = Debug|iPhone
		Release|iPhone = Release|iPhone
		Ad-Hoc|iPhone = Ad-Hoc|iPhone
		AppStore|iPhone = AppStore|iPhone
	EndGlobalSection
	GlobalSection(ProjectConfigurationPlatforms) = postSolution
		{EC47AED5-0FA2-4E0C-AA1C-DAE29AF19727}.Ad-Hoc|iPhone.ActiveCfg = Ad-Hoc|iPhone
		{EC47AED5-0FA2-4E0C-AA1C-DAE29AF19727}.Ad-Hoc|iPhone.Build.0 = Ad-Hoc|iPhone
		{EC47AED5-0FA2-4E0C-AA1C-DAE29AF19727}.AppStore|iPhone.ActiveCfg = AppStore|iPhone
		{EC47AED5-0FA2-4E0C-AA1C-DAE29AF19727}.AppStore|iPhone.Build.0 = AppStore|iPhone
		{EC47AED5-0FA2-4E0C-AA1C-DAE29AF19727}.Debug|iPhone.ActiveCfg = Debug|iPhone
		{EC47AED5-0FA2-4E0C-AA1C-DAE29AF19727}.Debug|iPhone.Build.0 = Debug|iPhone
		{EC47AED5-0FA2-4E0C-AA1C-DAE29AF19727}.Debug|iPhoneSimulator.ActiveCfg = Debug|iPhoneSimulator
		{EC47AED5-0FA2-4E0C-AA1C-DAE29AF19727}.Debug|iPhoneSimulator.Build.0 = Debug|iPhoneSimulator
		{EC47AED5-0FA2-4E0C-AA1C-DAE29AF19727}.Release|iPhone.ActiveCfg = Release|iPhone
		{EC47AED5-0FA2-4E0C-AA1C-DAE29AF19727}.Release|iPhone.Build.0 = Release|iPhone
		{EC47AED5-0FA2-4E0C-AA1C-DAE29AF19727}.Release|iPhoneSimulator.ActiveCfg = Release|iPhoneSimulator
		{EC47AED5-0FA2-4E0C-AA1C-DAE29AF19727}.Release|iPhoneSimulator.Build.0 = Release|iPhoneSimulator
	EndGlobalSection
	GlobalSection(MonoDevelopProperties) = preSolution
		StartupItem = Lister\Lister.csproj
	EndGlobalSection
EndGlobal
